
Microsoft Visual Studio Solution File, Format Version 12.00
# Visual Studio 15
VisualStudioVersion = 15.0.27004.2010
MinimumVisualStudioVersion = 10.0.40219.1
Project("{8BC9CEB8-8B4A-11D0-8D11-00A0C91BC942}") = "Sdizo", "Sdizo\Sdizo.vcxproj", "{458D88D8-FBB1-4372-9627-BF7ACCC675D8}"
EndProject
Global
	GlobalSection(SolutionConfigurationPlatforms) = preSolution
		Debug|x64 = Debug|x64
		Debug|x86 = Debug|x86
		Release|x64 = Release|x64
		Release|x86 = Release|x86
	EndGlobalSection
	GlobalSection(ProjectConfigurationPlatforms) = postSolution
		{458D88D8-FBB1-4372-9627-BF7ACCC675D8}.Debug|x64.ActiveCfg = Debug|x64
		{458D88D8-FBB1-4372-9627-BF7ACCC675D8}.Debug|x64.Build.0 = Debug|x64
		{458D88D8-FBB1-4372-9627-BF7ACCC675D8}.Debug|x86.ActiveCfg = Debug|Win32
		{458D88D8-FBB1-4372-9627-BF7ACCC675D8}.Debug|x86.Build.0 = Debug|Win32
		{458D88D8-FBB1-4372-9627-BF7ACCC675D8}.Release|x64.ActiveCfg = Release|x64
		{458D88D8-FBB1-4372-9627-BF7ACCC675D8}.Release|x64.Build.0 = Release|x64
		{458D88D8-FBB1-4372-9627-BF7ACCC675D8}.Release|x86.ActiveCfg = Release|Win32
		{458D88D8-FBB1-4372-9627-BF7ACCC675D8}.Release|x86.Build.0 = Release|Win32
	EndGlobalSection
	GlobalSection(SolutionProperties) = preSolution
		HideSolutionNode = FALSE
	EndGlobalSection
	GlobalSection(ExtensibilityGlobals) = postSolution
		SolutionGuid = {51555336-C2E3-4B9F-89FE-2A6C78962CA8}
	EndGlobalSection
EndGlobal
